
Microsoft Visual Studio Solution File, Format Version 12.00
# Visual Studio Version 17
VisualStudioVersion = 17.9.34616.47
MinimumVisualStudioVersion = 10.0.40219.1
Project("{9A19103F-16F7-4668-BE54-9A1E7A4F7556}") = "ConsoleApp5", "ConsoleApp5\ConsoleApp5.csproj", "{6FEF96CE-291E-4A5B-A9A0-FAD5A6A86256}"
EndProject
Project("{9A19103F-16F7-4668-BE54-9A1E7A4F7556}") = "domaska", "domaska\domaska.csproj", "{288F38CE-7F07-4DF9-9302-FBA641FA356C}"
EndProject
Project("{9A19103F-16F7-4668-BE54-9A1E7A4F7556}") = "domaska 11.1-11.2", "domaska 11.1-11.2\domaska 11.1-11.2.csproj", "{B1E8AE4B-D43F-45F5-A9E4-38FEE414669D}"
EndProject
Project("{9A19103F-16F7-4668-BE54-9A1E7A4F7556}") = "tema 12-2", "tema 12-2\tema 12-2.csproj", "{535986C5-25A9-479C-871A-62E7F205FD52}"
EndProject
Project("{9A19103F-16F7-4668-BE54-9A1E7A4F7556}") = "domaska12-1", "domaska12-1\domaska12-1.csproj", "{99E479BB-C37F-46A2-8FC9-52D58411C981}"
EndProject
Project("{9A19103F-16F7-4668-BE54-9A1E7A4F7556}") = "13. 2.", "13. 2\13. 2..csproj", "{E98A8A9C-F200-4340-BEFD-C2F17E7907F9}"
EndProject
Project("{FAE04EC0-301F-11D3-BF4B-00C04F79EFBC}") = "lesson", "lesson\lesson.csproj", "{A2B88886-AFF7-4FFC-9999-518B5095633C}"
EndProject
Global
	GlobalSection(SolutionConfigurationPlatforms) = preSolution
		Debug|Any CPU = Debug|Any CPU
		Release|Any CPU = Release|Any CPU
	EndGlobalSection
	GlobalSection(ProjectConfigurationPlatforms) = postSolution
		{6FEF96CE-291E-4A5B-A9A0-FAD5A6A86256}.Debug|Any CPU.ActiveCfg = Debug|Any CPU
		{6FEF96CE-291E-4A5B-A9A0-FAD5A6A86256}.Debug|Any CPU.Build.0 = Debug|Any CPU
		{6FEF96CE-291E-4A5B-A9A0-FAD5A6A86256}.Release|Any CPU.ActiveCfg = Release|Any CPU
		{6FEF96CE-291E-4A5B-A9A0-FAD5A6A86256}.Release|Any CPU.Build.0 = Release|Any CPU
		{288F38CE-7F07-4DF9-9302-FBA641FA356C}.Debug|Any CPU.ActiveCfg = Debug|Any CPU
		{288F38CE-7F07-4DF9-9302-FBA641FA356C}.Debug|Any CPU.Build.0 = Debug|Any CPU
		{288F38CE-7F07-4DF9-9302-FBA641FA356C}.Release|Any CPU.ActiveCfg = Release|Any CPU
		{288F38CE-7F07-4DF9-9302-FBA641FA356C}.Release|Any CPU.Build.0 = Release|Any CPU
		{B1E8AE4B-D43F-45F5-A9E4-38FEE414669D}.Debug|Any CPU.ActiveCfg = Debug|Any CPU
		{B1E8AE4B-D43F-45F5-A9E4-38FEE414669D}.Debug|Any CPU.Build.0 = Debug|Any CPU
		{B1E8AE4B-D43F-45F5-A9E4-38FEE414669D}.Release|Any CPU.ActiveCfg = Release|Any CPU
		{B1E8AE4B-D43F-45F5-A9E4-38FEE414669D}.Release|Any CPU.Build.0 = Release|Any CPU
		{535986C5-25A9-479C-871A-62E7F205FD52}.Debug|Any CPU.ActiveCfg = Debug|Any CPU
		{535986C5-25A9-479C-871A-62E7F205FD52}.Debug|Any CPU.Build.0 = Debug|Any CPU
		{535986C5-25A9-479C-871A-62E7F205FD52}.Release|Any CPU.ActiveCfg = Release|Any CPU
		{535986C5-25A9-479C-871A-62E7F205FD52}.Release|Any CPU.Build.0 = Release|Any CPU
		{99E479BB-C37F-46A2-8FC9-52D58411C981}.Debug|Any CPU.ActiveCfg = Debug|Any CPU
		{99E479BB-C37F-46A2-8FC9-52D58411C981}.Debug|Any CPU.Build.0 = Debug|Any CPU
		{99E479BB-C37F-46A2-8FC9-52D58411C981}.Release|Any CPU.ActiveCfg = Release|Any CPU
		{99E479BB-C37F-46A2-8FC9-52D58411C981}.Release|Any CPU.Build.0 = Release|Any CPU
		{E98A8A9C-F200-4340-BEFD-C2F17E7907F9}.Debug|Any CPU.ActiveCfg = Debug|Any CPU
		{E98A8A9C-F200-4340-BEFD-C2F17E7907F9}.Debug|Any CPU.Build.0 = Debug|Any CPU
		{E98A8A9C-F200-4340-BEFD-C2F17E7907F9}.Release|Any CPU.ActiveCfg = Release|Any CPU
		{E98A8A9C-F200-4340-BEFD-C2F17E7907F9}.Release|Any CPU.Build.0 = Release|Any CPU
		{A2B88886-AFF7-4FFC-9999-518B5095633C}.Debug|Any CPU.ActiveCfg = Debug|Any CPU
		{A2B88886-AFF7-4FFC-9999-518B5095633C}.Debug|Any CPU.Build.0 = Debug|Any CPU
		{A2B88886-AFF7-4FFC-9999-518B5095633C}.Release|Any CPU.ActiveCfg = Release|Any CPU
		{A2B88886-AFF7-4FFC-9999-518B5095633C}.Release|Any CPU.Build.0 = Release|Any CPU
	EndGlobalSection
	GlobalSection(SolutionProperties) = preSolution
		HideSolutionNode = FALSE
	EndGlobalSection
	GlobalSection(ExtensibilityGlobals) = postSolution
		SolutionGuid = {7C193B39-C820-4915-9757-0654414F6165}
	EndGlobalSection
EndGlobal
